
Microsoft Visual Studio Solution File, Format Version 12.00
# Visual Studio 15
VisualStudioVersion = 15.0.26430.16
MinimumVisualStudioVersion = 10.0.40219.1
Project("{FAE04EC0-301F-11D3-BF4B-00C04F79EFBC}") = "MsgPackNetBenchmarks.Core", "MsgPackNetBenchmarks.Core\MsgPackNetBenchmarks.Core.csproj", "{38829F2D-11D3-4444-9E80-1E3DB506E00C}"
EndProject
Project("{FAE04EC0-301F-11D3-BF4B-00C04F79EFBC}") = "MsgPackNetBenchmarks.Framework", "MsgPackNetBenchmarks.Framework\MsgPackNetBenchmarks.Framework.csproj", "{AEE9F374-7E2C-4CA5-8A56-B704FB8A33F5}"
EndProject
Project("{D954291E-2A0B-460D-934E-DC6B0785DB48}") = "MsgPackNetBenchmarks.Shared", "MsgPackNetBenchmarks.Shared\MsgPackNetBenchmarks.Shared.shproj", "{8301E905-DB92-4A5C-926F-457E60967476}"
EndProject
Global
	GlobalSection(SharedMSBuildProjectFiles) = preSolution
		MsgPackNetBenchmarks.Shared\MsgPackNetBenchmarks.Shared.projitems*{8301e905-db92-4a5c-926f-457e60967476}*SharedItemsImports = 13
		MsgPackNetBenchmarks.Shared\MsgPackNetBenchmarks.Shared.projitems*{aee9f374-7e2c-4ca5-8a56-b704fb8a33f5}*SharedItemsImports = 4
	EndGlobalSection
	GlobalSection(SolutionConfigurationPlatforms) = preSolution
		Debug|Any CPU = Debug|Any CPU
		Release|Any CPU = Release|Any CPU
	EndGlobalSection
	GlobalSection(ProjectConfigurationPlatforms) = postSolution
		{38829F2D-11D3-4444-9E80-1E3DB506E00C}.Debug|Any CPU.ActiveCfg = Debug|Any CPU
		{38829F2D-11D3-4444-9E80-1E3DB506E00C}.Debug|Any CPU.Build.0 = Debug|Any CPU
		{38829F2D-11D3-4444-9E80-1E3DB506E00C}.Release|Any CPU.ActiveCfg = Release|Any CPU
		{38829F2D-11D3-4444-9E80-1E3DB506E00C}.Release|Any CPU.Build.0 = Release|Any CPU
		{AEE9F374-7E2C-4CA5-8A56-B704FB8A33F5}.Debug|Any CPU.ActiveCfg = Debug|Any CPU
		{AEE9F374-7E2C-4CA5-8A56-B704FB8A33F5}.Debug|Any CPU.Build.0 = Debug|Any CPU
		{AEE9F374-7E2C-4CA5-8A56-B704FB8A33F5}.Release|Any CPU.ActiveCfg = Release|Any CPU
		{AEE9F374-7E2C-4CA5-8A56-B704FB8A33F5}.Release|Any CPU.Build.0 = Release|Any CPU
	EndGlobalSection
	GlobalSection(SolutionProperties) = preSolution
		HideSolutionNode = FALSE
	EndGlobalSection
EndGlobal
